
Microsoft Visual Studio Solution File, Format Version 12.00
# Visual Studio Version 17
VisualStudioVersion = 17.2.32505.173
MinimumVisualStudioVersion = 10.0.40219.1
Project("{2150E333-8FDC-42A3-9474-1A3956D46DE8}") = "Solution Items", "Solution Items", "{C2D040C6-3015-4CE8-95C1-B193223A21A5}"
	ProjectSection(SolutionItems) = preProject
		.editorconfig = .editorconfig
		.gitignore = .gitignore
		Directory.Packages.props = Directory.Packages.props
		.config\dotnet-tools.json = .config\dotnet-tools.json
	EndProjectSection
EndProject
Project("{2150E333-8FDC-42A3-9474-1A3956D46DE8}") = "src", "src", "{52FD4493-DF38-4B7C-A94F-F5B5EE3EBB81}"
EndProject
Project("{2150E333-8FDC-42A3-9474-1A3956D46DE8}") = "tests", "tests", "{38E3CDCD-A89A-47C0-ADFD-726E4A9955AB}"
EndProject
Project("{9A19103F-16F7-4668-BE54-9A1E7A4F7556}") = "Lasertag.Tests", "tests\Lasertag.Tests\Lasertag.Tests.csproj", "{A5CF61FF-4F3F-4767-9DF8-173F943D62CB}"
EndProject
Project("{9A19103F-16F7-4668-BE54-9A1E7A4F7556}") = "build", "build\build.csproj", "{51045D5F-198C-4076-B219-AD8923C81B74}"
EndProject
Project("{2150E333-8FDC-42A3-9474-1A3956D46DE8}") = "_build", "_build", "{BE0FD097-E00E-4D2E-9D99-53008CCA3E11}"
EndProject
Project("{9A19103F-16F7-4668-BE54-9A1E7A4F7556}") = "Admin.Api", "src\Admin.Api\Admin.Api.csproj", "{389AF1CA-5D62-40DE-95EA-D0EEF7BD2364}"
EndProject
Project("{2150E333-8FDC-42A3-9474-1A3956D46DE8}") = "o11y-backend", "o11y-backend", "{5B978752-EA8F-496F-B520-B64716B8A68A}"
	ProjectSection(SolutionItems) = preProject
		o11y-backend\collector-config-local.yaml = o11y-backend\collector-config-local.yaml
		o11y-backend\grafana-bootstrap.ini = o11y-backend\grafana-bootstrap.ini
		o11y-backend\grafana-datasources.yaml = o11y-backend\grafana-datasources.yaml
		o11y-backend\loki-config.yaml = o11y-backend\loki-config.yaml
		o11y-backend\prometheus.yaml = o11y-backend\prometheus.yaml
		o11y-backend\tempo-config.yaml = o11y-backend\tempo-config.yaml
		o11y-backend\tempo-overrides.yaml = o11y-backend\tempo-overrides.yaml
	EndProjectSection
EndProject
Project("{9A19103F-16F7-4668-BE54-9A1E7A4F7556}") = "Lasertag.IoT.Simulator", "src\Lasertag.IoT.Simulator\Lasertag.IoT.Simulator.csproj", "{AF7B2275-DE7B-4070-AC30-293529909CFC}"
EndProject
Project("{9A19103F-16F7-4668-BE54-9A1E7A4F7556}") = "Lasertag.Messages", "src\Lasertag.Messages\Lasertag.Messages.csproj", "{6C62EF3A-599F-4C2F-ACA8-80478D2F3931}"
EndProject
Project("{FAE04EC0-301F-11D3-BF4B-00C04F79EFBC}") = "OtelTest", "src\OtelTest\OtelTest.csproj", "{EA87D04F-6837-423C-9D14-044A6A995774}"
EndProject
Global
	GlobalSection(SolutionConfigurationPlatforms) = preSolution
		Debug|Any CPU = Debug|Any CPU
		Release|Any CPU = Release|Any CPU
	EndGlobalSection
	GlobalSection(ProjectConfigurationPlatforms) = postSolution
		{A5CF61FF-4F3F-4767-9DF8-173F943D62CB}.Debug|Any CPU.ActiveCfg = Debug|Any CPU
		{A5CF61FF-4F3F-4767-9DF8-173F943D62CB}.Debug|Any CPU.Build.0 = Debug|Any CPU
		{A5CF61FF-4F3F-4767-9DF8-173F943D62CB}.Release|Any CPU.ActiveCfg = Release|Any CPU
		{A5CF61FF-4F3F-4767-9DF8-173F943D62CB}.Release|Any CPU.Build.0 = Release|Any CPU
		{51045D5F-198C-4076-B219-AD8923C81B74}.Debug|Any CPU.ActiveCfg = Debug|Any CPU
		{51045D5F-198C-4076-B219-AD8923C81B74}.Release|Any CPU.ActiveCfg = Release|Any CPU
		{389AF1CA-5D62-40DE-95EA-D0EEF7BD2364}.Debug|Any CPU.ActiveCfg = Debug|Any CPU
		{389AF1CA-5D62-40DE-95EA-D0EEF7BD2364}.Debug|Any CPU.Build.0 = Debug|Any CPU
		{389AF1CA-5D62-40DE-95EA-D0EEF7BD2364}.Release|Any CPU.ActiveCfg = Release|Any CPU
		{389AF1CA-5D62-40DE-95EA-D0EEF7BD2364}.Release|Any CPU.Build.0 = Release|Any CPU
		{AF7B2275-DE7B-4070-AC30-293529909CFC}.Debug|Any CPU.ActiveCfg = Debug|Any CPU
		{AF7B2275-DE7B-4070-AC30-293529909CFC}.Debug|Any CPU.Build.0 = Debug|Any CPU
		{AF7B2275-DE7B-4070-AC30-293529909CFC}.Release|Any CPU.ActiveCfg = Release|Any CPU
		{AF7B2275-DE7B-4070-AC30-293529909CFC}.Release|Any CPU.Build.0 = Release|Any CPU
		{6C62EF3A-599F-4C2F-ACA8-80478D2F3931}.Debug|Any CPU.ActiveCfg = Debug|Any CPU
		{6C62EF3A-599F-4C2F-ACA8-80478D2F3931}.Debug|Any CPU.Build.0 = Debug|Any CPU
		{6C62EF3A-599F-4C2F-ACA8-80478D2F3931}.Release|Any CPU.ActiveCfg = Release|Any CPU
		{6C62EF3A-599F-4C2F-ACA8-80478D2F3931}.Release|Any CPU.Build.0 = Release|Any CPU
		{EA87D04F-6837-423C-9D14-044A6A995774}.Debug|Any CPU.ActiveCfg = Debug|Any CPU
		{EA87D04F-6837-423C-9D14-044A6A995774}.Debug|Any CPU.Build.0 = Debug|Any CPU
		{EA87D04F-6837-423C-9D14-044A6A995774}.Release|Any CPU.ActiveCfg = Release|Any CPU
		{EA87D04F-6837-423C-9D14-044A6A995774}.Release|Any CPU.Build.0 = Release|Any CPU
	EndGlobalSection
	GlobalSection(SolutionProperties) = preSolution
		HideSolutionNode = FALSE
	EndGlobalSection
	GlobalSection(NestedProjects) = preSolution
		{A5CF61FF-4F3F-4767-9DF8-173F943D62CB} = {38E3CDCD-A89A-47C0-ADFD-726E4A9955AB}
		{51045D5F-198C-4076-B219-AD8923C81B74} = {BE0FD097-E00E-4D2E-9D99-53008CCA3E11}
		{389AF1CA-5D62-40DE-95EA-D0EEF7BD2364} = {52FD4493-DF38-4B7C-A94F-F5B5EE3EBB81}
		{5B978752-EA8F-496F-B520-B64716B8A68A} = {C2D040C6-3015-4CE8-95C1-B193223A21A5}
		{AF7B2275-DE7B-4070-AC30-293529909CFC} = {52FD4493-DF38-4B7C-A94F-F5B5EE3EBB81}
		{6C62EF3A-599F-4C2F-ACA8-80478D2F3931} = {52FD4493-DF38-4B7C-A94F-F5B5EE3EBB81}
		{EA87D04F-6837-423C-9D14-044A6A995774} = {52FD4493-DF38-4B7C-A94F-F5B5EE3EBB81}
	EndGlobalSection
	GlobalSection(ExtensibilityGlobals) = postSolution
		SolutionGuid = {2CB5560A-7F9B-4A01-85A3-F95B4DC96810}
	EndGlobalSection
EndGlobal
